
Microsoft Visual Studio Solution File, Format Version 12.00
# Visual Studio Version 17
VisualStudioVersion = 17.9.34714.143
MinimumVisualStudioVersion = 10.0.40219.1
Project("{FAE04EC0-301F-11D3-BF4B-00C04F79EFBC}") = "AplicacionConsola", "AplicacionConsola\AplicacionConsola.csproj", "{F4FAC9F5-BD75-4004-88E7-B37F2FA612D0}"
EndProject
Project("{FAE04EC0-301F-11D3-BF4B-00C04F79EFBC}") = "MedidoresModel", "MedidoresModel\MedidoresModel.csproj", "{DA32B498-C3CB-414D-A002-011D19A04D2D}"
EndProject
Project("{FAE04EC0-301F-11D3-BF4B-00C04F79EFBC}") = "SocketServidor", "SocketServidor\SocketServidor.csproj", "{298A8C3B-CE02-4E3F-8706-22DCCA9B00E3}"
EndProject
Global
	GlobalSection(SolutionConfigurationPlatforms) = preSolution
		Debug|Any CPU = Debug|Any CPU
		Release|Any CPU = Release|Any CPU
	EndGlobalSection
	GlobalSection(ProjectConfigurationPlatforms) = postSolution
		{F4FAC9F5-BD75-4004-88E7-B37F2FA612D0}.Debug|Any CPU.ActiveCfg = Debug|Any CPU
		{F4FAC9F5-BD75-4004-88E7-B37F2FA612D0}.Debug|Any CPU.Build.0 = Debug|Any CPU
		{F4FAC9F5-BD75-4004-88E7-B37F2FA612D0}.Release|Any CPU.ActiveCfg = Release|Any CPU
		{F4FAC9F5-BD75-4004-88E7-B37F2FA612D0}.Release|Any CPU.Build.0 = Release|Any CPU
		{DA32B498-C3CB-414D-A002-011D19A04D2D}.Debug|Any CPU.ActiveCfg = Debug|Any CPU
		{DA32B498-C3CB-414D-A002-011D19A04D2D}.Debug|Any CPU.Build.0 = Debug|Any CPU
		{DA32B498-C3CB-414D-A002-011D19A04D2D}.Release|Any CPU.ActiveCfg = Release|Any CPU
		{DA32B498-C3CB-414D-A002-011D19A04D2D}.Release|Any CPU.Build.0 = Release|Any CPU
		{298A8C3B-CE02-4E3F-8706-22DCCA9B00E3}.Debug|Any CPU.ActiveCfg = Debug|Any CPU
		{298A8C3B-CE02-4E3F-8706-22DCCA9B00E3}.Debug|Any CPU.Build.0 = Debug|Any CPU
		{298A8C3B-CE02-4E3F-8706-22DCCA9B00E3}.Release|Any CPU.ActiveCfg = Release|Any CPU
		{298A8C3B-CE02-4E3F-8706-22DCCA9B00E3}.Release|Any CPU.Build.0 = Release|Any CPU
	EndGlobalSection
	GlobalSection(SolutionProperties) = preSolution
		HideSolutionNode = FALSE
	EndGlobalSection
	GlobalSection(ExtensibilityGlobals) = postSolution
		SolutionGuid = {E3C4EEB3-9ABE-4939-BB34-ACE9EFC84642}
	EndGlobalSection
EndGlobal
